PODS:
  - Flutter (1.0.0)
  - flutter_umplus (0.0.1):
    - Flutter
    - UMCAnalytics
    - UMCCommon
    - UMCCommonLog
    - UMCErrorCatch
  - UMCAnalytics (6.0.5):
    - UMCCommon
  - UMCCommon (2.1.1)
  - UMCCommonLog (1.0.0)
  - UMCErrorCatch (1.0.0):
    - UMCCommon

DEPENDENCIES:
  - Flutter (from `.symlinks/flutter/ios`)
  - flutter_umplus (from `.symlinks/plugins/flutter_umplus/ios`)

SPEC REPOS:
  https://github.com/cocoapods/specs.git:
    - UMCAnalytics
    - UMCCommon
    - UMCCommonLog
    - UMCErrorCatch

EXTERNAL SOURCES:
  Flutter:
    :path: ".symlinks/flutter/ios"
  flutter_umplus:
    :path: ".symlinks/plugins/flutter_umplus/ios"

SPEC CHECKSUMS:
  Flutter: 0e3d915762c693b495b44d77113d4970485de6ec
  flutter_umplus: be1f2b751dd6110757509fa57c1ffb12edb1c2b2
  UMCAnalytics: 045be2cd1ec05aa95ad62405a850757f932e2d59
  UMCCommon: 971f324a5a99c9d662ae040a815e7e3d7ef8b2a8
  UMCCommonLog: 05a2d5de21858e3d870551562cff405c1366d244
  UMCErrorCatch: 51f1b68f920233e90a3fa6d51f0456174507ec78

PODFILE CHECKSUM: b6a0a141693093b304368d08511b46cf3d1d0ac5

COCOAPODS: 1.7.5
